// !$*UTF8*$!
{
	archiveVersion = 1;
	classes = {
	};
	objectVersion = 46;
	objects = {

/* Begin PBXBuildFile section */
		C95B33EC1C3019B700874227 /* categoryChooseDataModel.m in Sources */ = {isa = PBXBuildFile; fileRef = C95B33EB1C3019B700874227 /* categoryChooseDataModel.m */; };
		C9FDEAE81C2D634B00F185CF /* main.m in Sources */ = {isa = PBXBuildFile; fileRef = C9FDEAE71C2D634B00F185CF /* main.m */; };
		C9FDEAEB1C2D634B00F185CF /* AppDelegate.m in Sources */ = {isa = PBXBuildFile; fileRef = C9FDEAEA1C2D634B00F185CF /* AppDelegate.m */; };
		C9FDEAEE1C2D634B00F185CF /* ViewController.m in Sources */ = {isa = PBXBuildFile; fileRef = C9FDEAED1C2D634B00F185CF /* ViewController.m */; };
		C9FDEAF11C2D634B00F185CF /* Main.storyboard in Resources */ = {isa = PBXBuildFile; fileRef = C9FDEAEF1C2D634B00F185CF /* Main.storyboard */; };
		C9FDEAF31C2D634B00F185CF /* Assets.xcassets in Resources */ = {isa = PBXBuildFile; fileRef = C9FDEAF21C2D634B00F185CF /* Assets.xcassets */; };
		C9FDEAF61C2D634B00F185CF /* LaunchScreen.storyboard in Resources */ = {isa = PBXBuildFile; fileRef = C9FDEAF41C2D634B00F185CF /* LaunchScreen.storyboard */; };
		C9FDEAFF1C2D6DA600F185CF /* WJCategoryChooseView.m in Sources */ = {isa = PBXBuildFile; fileRef = C9FDEAFE1C2D6DA600F185CF /* WJCategoryChooseView.m */; };
		C9FDEB011C2D6DBB00F185CF /* WJCategoryChooseView.xib in Resources */ = {isa = PBXBuildFile; fileRef = C9FDEB001C2D6DBB00F185CF /* WJCategoryChooseView.xib */; };
		C9FDEB041C2D6EEB00F185CF /* WJCategoryChooseLayout.m in Sources */ = {isa = PBXBuildFile; fileRef = C9FDEB031C2D6EEB00F185CF /* WJCategoryChooseLayout.m */; };
/* End PBXBuildFile section */

/* Begin PBXFileReference section */
		C95B33EA1C3019B700874227 /* categoryChooseDataModel.h */ = {isa = PBXFileReference; fileEncoding = 4; lastKnownFileType = sourcecode.c.h; path = categoryChooseDataModel.h; sourceTree = "<group>"; };
		C95B33EB1C3019B700874227 /* categoryChooseDataModel.m */ = {isa = PBXFileReference; fileEncoding = 4; lastKnownFileType = sourcecode.c.objc; path = categoryChooseDataModel.m; sourceTree = "<group>"; };
		C9FDEAE31C2D634B00F185CF /* WJCategoryChooseView.app */ = {isa = PBXFileReference; explicitFileType = wrapper.application; includeInIndex = 0; path = WJCategoryChooseView.app; sourceTree = BUILT_PRODUCTS_DIR; };
		C9FDEAE71C2D634B00F185CF /* main.m */ = {isa = PBXFileReference; lastKnownFileType = sourcecode.c.objc; path = main.m; sourceTree = "<group>"; };
		C9FDEAE91C2D634B00F185CF /* AppDelegate.h */ = {isa = PBXFileReference; lastKnownFileType = sourcecode.c.h; path = AppDelegate.h; sourceTree = "<group>"; };
		C9FDEAEA1C2D634B00F185CF /* AppDelegate.m */ = {isa = PBXFileReference; lastKnownFileType = sourcecode.c.objc; path = AppDelegate.m; sourceTree = "<group>"; };
		C9FDEAEC1C2D634B00F185CF /* ViewController.h */ = {isa = PBXFileReference; lastKnownFileType = sourcecode.c.h; path = ViewController.h; sourceTree = "<group>"; };
		C9FDEAED1C2D634B00F185CF /* ViewController.m */ = {isa = PBXFileReference; lastKnownFileType = sourcecode.c.objc; path = ViewController.m; sourceTree = "<group>"; };
		C9FDEAF01C2D634B00F185CF /* Base */ = {isa = PBXFileReference; lastKnownFileType = file.storyboard; name = Base; path = Base.lproj/Main.storyboard; sourceTree = "<group>"; };
		C9FDEAF21C2D634B00F185CF /* Assets.xcassets */ = {isa = PBXFileReference; lastKnownFileType = folder.assetcatalog; path = Assets.xcassets; sourceTree = "<group>"; };
		C9FDEAF51C2D634B00F185CF /* Base */ = {isa = PBXFileReference; lastKnownFileType = file.storyboard; name = Base; path = Base.lproj/LaunchScreen.storyboard; sourceTree = "<group>"; };
		C9FDEAF71C2D634B00F185CF /* Info.plist */ = {isa = PBXFileReference; lastKnownFileType = text.plist.xml; path = Info.plist; sourceTree = "<group>"; };
		C9FDEAFD1C2D6DA600F185CF /* WJCategoryChooseView.h */ = {isa = PBXFileReference; fileEncoding = 4; lastKnownFileType = sourcecode.c.h; path = WJCategoryChooseView.h; sourceTree = "<group>"; };
		C9FDEAFE1C2D6DA600F185CF /* WJCategoryChooseView.m */ = {isa = PBXFileReference; fileEncoding = 4; lastKnownFileType = sourcecode.c.objc; path = WJCategoryChooseView.m; sourceTree = "<group>"; };
		C9FDEB001C2D6DBB00F185CF /* WJCategoryChooseView.xib */ = {isa = PBXFileReference; fileEncoding = 4; lastKnownFileType = file.xib; path = WJCategoryChooseView.xib; sourceTree = "<group>"; };
		C9FDEB021C2D6EEB00F185CF /* WJCategoryChooseLayout.h */ = {isa = PBXFileReference; fileEncoding = 4; lastKnownFileType = sourcecode.c.h; path = WJCategoryChooseLayout.h; sourceTree = "<group>"; };
		C9FDEB031C2D6EEB00F185CF /* WJCategoryChooseLayout.m */ = {isa = PBXFileReference; fileEncoding = 4; lastKnownFileType = sourcecode.c.objc; path = WJCategoryChooseLayout.m; sourceTree = "<group>"; };
/* End PBXFileReference section */

/* Begin PBXFrameworksBuildPhase section */
		C9FDEAE01C2D634B00F185CF /* Frameworks */ = {
			isa = PBXFrameworksBuildPhase;
			buildActionMask = 2147483647;
			files = (
			);
			runOnlyForDeploymentPostprocessing = 0;
		};
/* End PBXFrameworksBuildPhase section */

/* Begin PBXGroup section */
		C9FDEADA1C2D634B00F185CF = {
			isa = PBXGroup;
			children = (
				C9FDEAE51C2D634B00F185CF /* WJCategoryChooseView */,
				C9FDEAE41C2D634B00F185CF /* Products */,
			);
			sourceTree = "<group>";
		};
		C9FDEAE41C2D634B00F185CF /* Products */ = {
			isa = PBXGroup;
			children = (
				C9FDEAE31C2D634B00F185CF /* WJCategoryChooseView.app */,
			);
			name = Products;
			sourceTree = "<group>";
		};
		C9FDEAE51C2D634B00F185CF /* WJCategoryChooseView */ = {
			isa = PBXGroup;
			children = (
				C9FDEAE91C2D634B00F185CF /* AppDelegate.h */,
				C9FDEAEA1C2D634B00F185CF /* AppDelegate.m */,
				C9FDEAEC1C2D634B00F185CF /* ViewController.h */,
				C9FDEAED1C2D634B00F185CF /* ViewController.m */,
				C9FDEAEF1C2D634B00F185CF /* Main.storyboard */,
				C9FDEAFD1C2D6DA600F185CF /* WJCategoryChooseView.h */,
				C9FDEAFE1C2D6DA600F185CF /* WJCategoryChooseView.m */,
				C9FDEB001C2D6DBB00F185CF /* WJCategoryChooseView.xib */,
				C9FDEB021C2D6EEB00F185CF /* WJCategoryChooseLayout.h */,
				C9FDEB031C2D6EEB00F185CF /* WJCategoryChooseLayout.m */,
				C95B33EA1C3019B700874227 /* categoryChooseDataModel.h */,
				C95B33EB1C3019B700874227 /* categoryChooseDataModel.m */,
				C9FDEAF21C2D634B00F185CF /* Assets.xcassets */,
				C9FDEAF41C2D634B00F185CF /* LaunchScreen.storyboard */,
				C9FDEAF71C2D634B00F185CF /* Info.plist */,
				C9FDEAE61C2D634B00F185CF /* Supporting Files */,
			);
			path = WJCategoryChooseView;
			sourceTree = "<group>";
		};
		C9FDEAE61C2D634B00F185CF /* Supporting Files */ = {
			isa = PBXGroup;
			children = (
				C9FDEAE71C2D634B00F185CF /* main.m */,
			);
			name = "Supporting Files";
			sourceTree = "<group>";
		};
/* End PBXGroup section */

/* Begin PBXNativeTarget section */
		C9FDEAE21C2D634B00F185CF /* WJCategoryChooseView */ = {
			isa = PBXNativeTarget;
			buildConfigurationList = C9FDEAFA1C2D634B00F185CF /* Build configuration list for PBXNativeTarget "WJCategoryChooseView" */;
			buildPhases = (
				C9FDEADF1C2D634B00F185CF /* Sources */,
				C9FDEAE01C2D634B00F185CF /* Frameworks */,
				C9FDEAE11C2D634B00F185CF /* Resources */,
			);
			buildRules = (
			);
			dependencies = (
			);
			name = WJCategoryChooseView;
			productName = WJCategoryChooseView;
			productReference = C9FDEAE31C2D634B00F185CF /* WJCategoryChooseView.app */;
			productType = "com.apple.product-type.application";
		};
/* End PBXNativeTarget section */

/* Begin PBXProject section */
		C9FDEADB1C2D634B00F185CF /* Project object */ = {
			isa = PBXProject;
			attributes = {
				LastUpgradeCheck = 0720;
				ORGANIZATIONNAME = "王健";
				TargetAttributes = {
					C9FDEAE21C2D634B00F185CF = {
						CreatedOnToolsVersion = 7.2;
						DevelopmentTeam = C99945Y25V;
					};
				};
			};
			buildConfigurationList = C9FDEADE1C2D634B00F185CF /* Build configuration list for PBXProject "WJCategoryChooseView" */;
			compatibilityVersion = "Xcode 3.2";
			developmentRegion = English;
			hasScannedForEncodings = 0;
			knownRegions = (
				en,
				Base,
			);
			mainGroup = C9FDEADA1C2D634B00F185CF;
			productRefGroup = C9FDEAE41C2D634B00F185CF /* Products */;
			projectDirPath = "";
			projectRoot = "";
			targets = (
				C9FDEAE21C2D634B00F185CF /* WJCategoryChooseView */,
			);
		};
/* End PBXProject section */

/* Begin PBXResourcesBuildPhase section */
		C9FDEAE11C2D634B00F185CF /* Resources */ = {
			isa = PBXResourcesBuildPhase;
			buildActionMask = 2147483647;
			files = (
				C9FDEB011C2D6DBB00F185CF /* WJCategoryChooseView.xib in Resources */,
				C9FDEAF61C2D634B00F185CF /* LaunchScreen.storyboard in Resources */,
				C9FDEAF31C2D634B00F185CF /* Assets.xcassets in Resources */,
				C9FDEAF11C2D634B00F185CF /* Main.storyboard in Resources */,
			);
			runOnlyForDeploymentPostprocessing = 0;
		};
/* End PBXResourcesBuildPhase section */

/* Begin PBXSourcesBuildPhase section */
		C9FDEADF1C2D634B00F185CF /* Sources */ = {
			isa = PBXSourcesBuildPhase;
			buildActionMask = 2147483647;
			files = (
				C9FDEAFF1C2D6DA600F185CF /* WJCategoryChooseView.m in Sources */,
				C9FDEAEE1C2D634B00F185CF /* ViewController.m in Sources */,
				C9FDEAEB1C2D634B00F185CF /* AppDelegate.m in Sources */,
				C9FDEB041C2D6EEB00F185CF /* WJCategoryChooseLayout.m in Sources */,
				C95B33EC1C3019B700874227 /* categoryChooseDataModel.m in Sources */,
				C9FDEAE81C2D634B00F185CF /* main.m in Sources */,
			);
			runOnlyForDeploymentPostprocessing = 0;
		};
/* End PBXSourcesBuildPhase section */

/* Begin PBXVariantGroup section */
		C9FDEAEF1C2D634B00F185CF /* Main.storyboard */ = {
			isa = PBXVariantGroup;
			children = (
				C9FDEAF01C2D634B00F185CF /* Base */,
			);
			name = Main.storyboard;
			sourceTree = "<group>";
		};
		C9FDEAF41C2D634B00F185CF /* LaunchScreen.storyboard */ = {
			isa = PBXVariantGroup;
			children = (
				C9FDEAF51C2D634B00F185CF /* Base */,
			);
			name = LaunchScreen.storyboard;
			sourceTree = "<group>";
		};
/* End PBXVariantGroup section */

/* Begin XCBuildConfiguration section */
		C9FDEAF81C2D634B00F185CF /* Debug */ = {
			isa = XCBuildConfiguration;
			buildSettings = {
				ALWAYS_SEARCH_USER_PATHS = NO;
				CLANG_CXX_LANGUAGE_STANDARD = "gnu++0x";
				CLANG_CXX_LIBRARY = "libc++";
				CLANG_ENABLE_MODULES = YES;
				CLANG_ENABLE_OBJC_ARC = YES;
				CLANG_WARN_BOOL_CONVERSION = YES;
				CLANG_WARN_CONSTANT_CONVERSION = YES;
				CLANG_WARN_DIRECT_OBJC_ISA_USAGE = YES_ERROR;
				CLANG_WARN_EMPTY_BODY = YES;
				CLANG_WARN_ENUM_CONVERSION = YES;
				CLANG_WARN_INT_CONVERSION = YES;
				CLANG_WARN_OBJC_ROOT_CLASS = YES_ERROR;
				CLANG_WARN_UNREACHABLE_CODE = YES;
				CLANG_WARN__DUPLICATE_METHOD_MATCH = YES;
				"CODE_SIGN_IDENTITY[sdk=iphoneos*]" = "iPhone Developer";
				COPY_PHASE_STRIP = NO;
				DEBUG_INFORMATION_FORMAT = dwarf;
				ENABLE_STRICT_OBJC_MSGSEND = YES;
				ENABLE_TESTABILITY = YES;
				GCC_C_LANGUAGE_STANDARD = gnu99;
				GCC_DYNAMIC_NO_PIC = NO;
				GCC_NO_COMMON_BLOCKS = YES;
				GCC_OPTIMIZATION_LEVEL = 0;
				GCC_PREPROCESSOR_DEFINITIONS = (
					"DEBUG=1",
					"$(inherited)",
				);
				GCC_WARN_64_TO_32_BIT_CONVERSION = YES;
				GCC_WARN_ABOUT_RETURN_TYPE = YES_ERROR;
				GCC_WARN_UNDECLARED_SELECTOR = YES;
				GCC_WARN_UNINITIALIZED_AUTOS = YES_AGGRESSIVE;
				GCC_WARN_UNUSED_FUNCTION = YES;
				GCC_WARN_UNUSED_VARIABLE = YES;
				IPHONEOS_DEPLOYMENT_TARGET = 9.2;
				MTL_ENABLE_DEBUG_INFO = YES;
				ONLY_ACTIVE_ARCH = YES;
				SDKROOT = iphoneos;
				TARGETED_DEVICE_FAMILY = "1,2";
			};
			name = Debug;
		};
		C9FDEAF91C2D634B00F185CF /* Release */ = {
			isa = XCBuildConfiguration;
			buildSettings = {
				ALWAYS_SEARCH_USER_PATHS = NO;
				CLANG_CXX_LANGUAGE_STANDARD = "gnu++0x";
				CLANG_CXX_LIBRARY = "libc++";
				CLANG_ENABLE_MODULES = YES;
				CLANG_ENABLE_OBJC_ARC = YES;
				CLANG_WARN_BOOL_CONVERSION = YES;
				CLANG_WARN_CONSTANT_CONVERSION = YES;
				CLANG_WARN_DIRECT_OBJC_ISA_USAGE = YES_ERROR;
				CLANG_WARN_EMPTY_BODY = YES;
				CLANG_WARN_ENUM_CONVERSION = YES;
				CLANG_WARN_INT_CONVERSION = YES;
				CLANG_WARN_OBJC_ROOT_CLASS = YES_ERROR;
				CLANG_WARN_UNREACHABLE_CODE = YES;
				CLANG_WARN__DUPLICATE_METHOD_MATCH = YES;
				"CODE_SIGN_IDENTITY[sdk=iphoneos*]" = "iPhone Developer";
				COPY_PHASE_STRIP = NO;
				DEBUG_INFORMATION_FORMAT = "dwarf-with-dsym";
				ENABLE_NS_ASSERTIONS = NO;
				ENABLE_STRICT_OBJC_MSGSEND = YES;
				GCC_C_LANGUAGE_STANDARD = gnu99;
				GCC_NO_COMMON_BLOCKS = YES;
				GCC_WARN_64_TO_32_BIT_CONVERSION = YES;
				GCC_WARN_ABOUT_RETURN_TYPE = YES_ERROR;
				GCC_WARN_UNDECLARED_SELECTOR = YES;
				GCC_WARN_UNINITIALIZED_AUTOS = YES_AGGRESSIVE;
				GCC_WARN_UNUSED_FUNCTION = YES;
				GCC_WARN_UNUSED_VARIABLE = YES;
				IPHONEOS_DEPLOYMENT_TARGET = 9.2;
				MTL_ENABLE_DEBUG_INFO = NO;
				SDKROOT = iphoneos;
				TARGETED_DEVICE_FAMILY = "1,2";
				VALIDATE_PRODUCT = YES;
			};
			name = Release;
		};
		C9FDEAFB1C2D634B00F185CF /* Debug */ = {
			isa = XCBuildConfiguration;
			buildSettings = {
				ASSETCATALOG_COMPILER_APPICON_NAME = AppIcon;
				CODE_SIGN_IDENTITY = "iPhone Developer";
				"CODE_SIGN_IDENTITY[sdk=iphoneos*]" = "iPhone Developer";
				INFOPLIST_FILE = WJCategoryChooseView/Info.plist;
				LD_RUNPATH_SEARCH_PATHS = "$(inherited) @executable_path/Frameworks";
				PRODUCT_BUNDLE_IDENTIFIER = com.yibao.WJCategoryChooseView;
				PRODUCT_NAME = "$(TARGET_NAME)";
				PROVISIONING_PROFILE = "";
			};
			name = Debug;
		};
		C9FDEAFC1C2D634B00F185CF /* Release */ = {
			isa = XCBuildConfiguration;
			buildSettings = {
				ASSETCATALOG_COMPILER_APPICON_NAME = AppIcon;
				CODE_SIGN_IDENTITY = "iPhone Developer";
				"CODE_SIGN_IDENTITY[sdk=iphoneos*]" = "iPhone Developer";
				INFOPLIST_FILE = WJCategoryChooseView/Info.plist;
				LD_RUNPATH_SEARCH_PATHS = "$(inherited) @executable_path/Frameworks";
				PRODUCT_BUNDLE_IDENTIFIER = com.yibao.WJCategoryChooseView;
				PRODUCT_NAME = "$(TARGET_NAME)";
				PROVISIONING_PROFILE = "";
			};
			name = Release;
		};
/* End XCBuildConfiguration section */

/* Begin XCConfigurationList section */
		C9FDEADE1C2D634B00F185CF /* Build configuration list for PBXProject "WJCategoryChooseView" */ = {
			isa = XCConfigurationList;
			buildConfigurations = (
				C9FDEAF81C2D634B00F185CF /* Debug */,
				C9FDEAF91C2D634B00F185CF /* Release */,
			);
			defaultConfigurationIsVisible = 0;
			defaultConfigurationName = Release;
		};
		C9FDEAFA1C2D634B00F185CF /* Build configuration list for PBXNativeTarget "WJCategoryChooseView" */ = {
			isa = XCConfigurationList;
			buildConfigurations = (
				C9FDEAFB1C2D634B00F185CF /* Debug */,
				C9FDEAFC1C2D634B00F185CF /* Release */,
			);
			defaultConfigurationIsVisible = 0;
			defaultConfigurationName = Release;
		};
/* End XCConfigurationList section */
	};
	rootObject = C9FDEADB1C2D634B00F185CF /* Project object */;
}
